// !$*UTF8*$!
{
	archiveVersion = 1;
	classes = {
	};
	objectVersion = 46;
	objects = {

/* Begin PBXBuildFile section */
		70D4BC821CE81DCE00FFA3EA /* AppDelegate.swift in Sources */ = {isa = PBXBuildFile; fileRef = 70D4BC811CE81DCE00FFA3EA /* AppDelegate.swift */; };
		70D4BC841CE81DCE00FFA3EA /* GameScene.sks in Resources */ = {isa = PBXBuildFile; fileRef = 70D4BC831CE81DCE00FFA3EA /* GameScene.sks */; };
		70D4BC861CE81DCE00FFA3EA /* GameScene.swift in Sources */ = {isa = PBXBuildFile; fileRef = 70D4BC851CE81DCE00FFA3EA /* GameScene.swift */; };
		70D4BC881CE81DCE00FFA3EA /* GameViewController.swift in Sources */ = {isa = PBXBuildFile; fileRef = 70D4BC871CE81DCE00FFA3EA /* GameViewController.swift */; };
		70D4BC8B1CE81DCE00FFA3EA /* Main.storyboard in Resources */ = {isa = PBXBuildFile; fileRef = 70D4BC891CE81DCE00FFA3EA /* Main.storyboard */; };
		70D4BC8D1CE81DCE00FFA3EA /* Assets.xcassets in Resources */ = {isa = PBXBuildFile; fileRef = 70D4BC8C1CE81DCE00FFA3EA /* Assets.xcassets */; };
		70D4BC901CE81DCE00FFA3EA /* LaunchScreen.storyboard in Resources */ = {isa = PBXBuildFile; fileRef = 70D4BC8E1CE81DCE00FFA3EA /* LaunchScreen.storyboard */; };
		70D4BC9B1CE81DCE00FFA3EA /* SceneEditorCookBookTests.swift in Sources */ = {isa = PBXBuildFile; fileRef = 70D4BC9A1CE81DCE00FFA3EA /* SceneEditorCookBookTests.swift */; };
		70D4BCA61CE81DCE00FFA3EA /* SceneEditorCookBookUITests.swift in Sources */ = {isa = PBXBuildFile; fileRef = 70D4BCA51CE81DCE00FFA3EA /* SceneEditorCookBookUITests.swift */; };
		70D4BCB61CE8253500FFA3EA /* SpawningEnemies.sks in Resources */ = {isa = PBXBuildFile; fileRef = 70D4BCB31CE8253500FFA3EA /* SpawningEnemies.sks */; };
		70D4BCB71CE8253500FFA3EA /* SpawingEnemies.swift in Sources */ = {isa = PBXBuildFile; fileRef = 70D4BCB41CE8253500FFA3EA /* SpawingEnemies.swift */; };
		70D4BCBB1CE8253A00FFA3EA /* Parallax.sks in Resources */ = {isa = PBXBuildFile; fileRef = 70D4BCB81CE8253A00FFA3EA /* Parallax.sks */; };
		70D4BCBC1CE8253A00FFA3EA /* Parallax.swift in Sources */ = {isa = PBXBuildFile; fileRef = 70D4BCB91CE8253A00FFA3EA /* Parallax.swift */; };
		70D4BCC01CE8254100FFA3EA /* HighScoreDisplay.sks in Resources */ = {isa = PBXBuildFile; fileRef = 70D4BCBD1CE8254100FFA3EA /* HighScoreDisplay.sks */; };
		70D4BCC11CE8254100FFA3EA /* HighScoreDisplay.swift in Sources */ = {isa = PBXBuildFile; fileRef = 70D4BCBE1CE8254100FFA3EA /* HighScoreDisplay.swift */; };
		70D4BCC51CE8254E00FFA3EA /* AnimatedCharacter.sks in Resources */ = {isa = PBXBuildFile; fileRef = 70D4BCC21CE8254E00FFA3EA /* AnimatedCharacter.sks */; };
		70D4BCC61CE8254E00FFA3EA /* AnimatedCharacter.swift in Sources */ = {isa = PBXBuildFile; fileRef = 70D4BCC31CE8254E00FFA3EA /* AnimatedCharacter.swift */; };
		70D4BCD01CE8255200FFA3EA /* EndlessBackgroundScene.swift in Sources */ = {isa = PBXBuildFile; fileRef = 70D4BCC71CE8255200FFA3EA /* EndlessBackgroundScene.swift */; };
		70D4BCD11CE8255200FFA3EA /* EndlessBackgroundScene.sks in Resources */ = {isa = PBXBuildFile; fileRef = 70D4BCC81CE8255200FFA3EA /* EndlessBackgroundScene.sks */; };
		70D4BCD21CE8255200FFA3EA /* BGClass.swift in Sources */ = {isa = PBXBuildFile; fileRef = 70D4BCC91CE8255200FFA3EA /* BGClass.swift */; };
		70D4BCD31CE8255200FFA3EA /* HomeButton.png in Resources */ = {isa = PBXBuildFile; fileRef = 70D4BCCA1CE8255200FFA3EA /* HomeButton.png */; };
		70D4BCD41CE8255200FFA3EA /* CarJunkYard0.png in Resources */ = {isa = PBXBuildFile; fileRef = 70D4BCCB1CE8255200FFA3EA /* CarJunkYard0.png */; };
		70D4BCD51CE8255200FFA3EA /* CarJunkYard1.png in Resources */ = {isa = PBXBuildFile; fileRef = 70D4BCCC1CE8255200FFA3EA /* CarJunkYard1.png */; };
		70D4BCD61CE8255200FFA3EA /* CarJunkYard2.png in Resources */ = {isa = PBXBuildFile; fileRef = 70D4BCCD1CE8255200FFA3EA /* CarJunkYard2.png */; };
		70D4BCDA1CE8255800FFA3EA /* PlatformsAndCollectablesScene.swift in Sources */ = {isa = PBXBuildFile; fileRef = 70D4BCD71CE8255800FFA3EA /* PlatformsAndCollectablesScene.swift */; };
		70D4BCDB1CE8255800FFA3EA /* PlatformsAndCollectablesScene.sks in Resources */ = {isa = PBXBuildFile; fileRef = 70D4BCD81CE8255800FFA3EA /* PlatformsAndCollectablesScene.sks */; };
/* End PBXBuildFile section */

/* Begin PBXContainerItemProxy section */
		70D4BC971CE81DCE00FFA3EA /* PBXContainerItemProxy */ = {
			isa = PBXContainerItemProxy;
			containerPortal = 70D4BC761CE81DCE00FFA3EA /* Project object */;
			proxyType = 1;
			remoteGlobalIDString = 70D4BC7D1CE81DCE00FFA3EA;
			remoteInfo = SceneEditorCookBook;
		};
		70D4BCA21CE81DCE00FFA3EA /* PBXContainerItemProxy */ = {
			isa = PBXContainerItemProxy;
			containerPortal = 70D4BC761CE81DCE00FFA3EA /* Project object */;
			proxyType = 1;
			remoteGlobalIDString = 70D4BC7D1CE81DCE00FFA3EA;
			remoteInfo = SceneEditorCookBook;
		};
/* End PBXContainerItemProxy section */

/* Begin PBXFileReference section */
		70D4BC7E1CE81DCE00FFA3EA /* SceneEditorCookBook.app */ = {isa = PBXFileReference; explicitFileType = wrapper.application; includeInIndex = 0; path = SceneEditorCookBook.app; sourceTree = BUILT_PRODUCTS_DIR; };
		70D4BC811CE81DCE00FFA3EA /* AppDelegate.swift */ = {isa = PBXFileReference; lastKnownFileType = sourcecode.swift; path = AppDelegate.swift; sourceTree = "<group>"; };
		70D4BC831CE81DCE00FFA3EA /* GameScene.sks */ = {isa = PBXFileReference; lastKnownFileType = file.sks; path = GameScene.sks; sourceTree = "<group>"; };
		70D4BC851CE81DCE00FFA3EA /* GameScene.swift */ = {isa = PBXFileReference; lastKnownFileType = sourcecode.swift; path = GameScene.swift; sourceTree = "<group>"; };
		70D4BC871CE81DCE00FFA3EA /* GameViewController.swift */ = {isa = PBXFileReference; lastKnownFileType = sourcecode.swift; path = GameViewController.swift; sourceTree = "<group>"; };
		70D4BC8A1CE81DCE00FFA3EA /* Base */ = {isa = PBXFileReference; lastKnownFileType = file.storyboard; name = Base; path = Base.lproj/Main.storyboard; sourceTree = "<group>"; };
		70D4BC8C1CE81DCE00FFA3EA /* Assets.xcassets */ = {isa = PBXFileReference; lastKnownFileType = folder.assetcatalog; path = Assets.xcassets; sourceTree = "<group>"; };
		70D4BC8F1CE81DCE00FFA3EA /* Base */ = {isa = PBXFileReference; lastKnownFileType = file.storyboard; name = Base; path = Base.lproj/LaunchScreen.storyboard; sourceTree = "<group>"; };
		70D4BC911CE81DCE00FFA3EA /* Info.plist */ = {isa = PBXFileReference; lastKnownFileType = text.plist.xml; path = Info.plist; sourceTree = "<group>"; };
		70D4BC961CE81DCE00FFA3EA /* SceneEditorCookBookTests.xctest */ = {isa = PBXFileReference; explicitFileType = wrapper.cfbundle; includeInIndex = 0; path = SceneEditorCookBookTests.xctest; sourceTree = BUILT_PRODUCTS_DIR; };
		70D4BC9A1CE81DCE00FFA3EA /* SceneEditorCookBookTests.swift */ = {isa = PBXFileReference; lastKnownFileType = sourcecode.swift; path = SceneEditorCookBookTests.swift; sourceTree = "<group>"; };
		70D4BC9C1CE81DCE00FFA3EA /* Info.plist */ = {isa = PBXFileReference; lastKnownFileType = text.plist.xml; path = Info.plist; sourceTree = "<group>"; };
		70D4BCA11CE81DCE00FFA3EA /* SceneEditorCookBookUITests.xctest */ = {isa = PBXFileReference; explicitFileType = wrapper.cfbundle; includeInIndex = 0; path = SceneEditorCookBookUITests.xctest; sourceTree = BUILT_PRODUCTS_DIR; };
		70D4BCA51CE81DCE00FFA3EA /* SceneEditorCookBookUITests.swift */ = {isa = PBXFileReference; lastKnownFileType = sourcecode.swift; path = SceneEditorCookBookUITests.swift; sourceTree = "<group>"; };
		70D4BCA71CE81DCE00FFA3EA /* Info.plist */ = {isa = PBXFileReference; lastKnownFileType = text.plist.xml; path = Info.plist; sourceTree = "<group>"; };
		70D4BCB31CE8253500FFA3EA /* SpawningEnemies.sks */ = {isa = PBXFileReference; lastKnownFileType = file.sks; path = SpawningEnemies.sks; sourceTree = "<group>"; };
		70D4BCB41CE8253500FFA3EA /* SpawingEnemies.swift */ = {isa = PBXFileReference; fileEncoding = 4; lastKnownFileType = sourcecode.swift; path = SpawingEnemies.swift; sourceTree = "<group>"; };
		70D4BCB81CE8253A00FFA3EA /* Parallax.sks */ = {isa = PBXFileReference; lastKnownFileType = file.sks; path = Parallax.sks; sourceTree = "<group>"; };
		70D4BCB91CE8253A00FFA3EA /* Parallax.swift */ = {isa = PBXFileReference; fileEncoding = 4; lastKnownFileType = sourcecode.swift; path = Parallax.swift; sourceTree = "<group>"; };
		70D4BCBD1CE8254100FFA3EA /* HighScoreDisplay.sks */ = {isa = PBXFileReference; lastKnownFileType = file.sks; path = HighScoreDisplay.sks; sourceTree = "<group>"; };
		70D4BCBE1CE8254100FFA3EA /* HighScoreDisplay.swift */ = {isa = PBXFileReference; fileEncoding = 4; lastKnownFileType = sourcecode.swift; path = HighScoreDisplay.swift; sourceTree = "<group>"; };
		70D4BCC21CE8254E00FFA3EA /* AnimatedCharacter.sks */ = {isa = PBXFileReference; lastKnownFileType = file.sks; path = AnimatedCharacter.sks; sourceTree = "<group>"; };
		70D4BCC31CE8254E00FFA3EA /* AnimatedCharacter.swift */ = {isa = PBXFileReference; fileEncoding = 4; lastKnownFileType = sourcecode.swift; path = AnimatedCharacter.swift; sourceTree = "<group>"; };
		70D4BCC71CE8255200FFA3EA /* EndlessBackgroundScene.swift */ = {isa = PBXFileReference; fileEncoding = 4; lastKnownFileType = sourcecode.swift; path = EndlessBackgroundScene.swift; sourceTree = "<group>"; };
		70D4BCC81CE8255200FFA3EA /* EndlessBackgroundScene.sks */ = {isa = PBXFileReference; lastKnownFileType = file.sks; path = EndlessBackgroundScene.sks; sourceTree = "<group>"; };
		70D4BCC91CE8255200FFA3EA /* BGClass.swift */ = {isa = PBXFileReference; fileEncoding = 4; lastKnownFileType = sourcecode.swift; path = BGClass.swift; sourceTree = "<group>"; };
		70D4BCCA1CE8255200FFA3EA /* HomeButton.png */ = {isa = PBXFileReference; lastKnownFileType = image.png; path = HomeButton.png; sourceTree = "<group>"; };
		70D4BCCB1CE8255200FFA3EA /* CarJunkYard0.png */ = {isa = PBXFileReference; lastKnownFileType = image.png; path = CarJunkYard0.png; sourceTree = "<group>"; };
		70D4BCCC1CE8255200FFA3EA /* CarJunkYard1.png */ = {isa = PBXFileReference; lastKnownFileType = image.png; path = CarJunkYard1.png; sourceTree = "<group>"; };
		70D4BCCD1CE8255200FFA3EA /* CarJunkYard2.png */ = {isa = PBXFileReference; lastKnownFileType = image.png; path = CarJunkYard2.png; sourceTree = "<group>"; };
		70D4BCD71CE8255800FFA3EA /* PlatformsAndCollectablesScene.swift */ = {isa = PBXFileReference; fileEncoding = 4; lastKnownFileType = sourcecode.swift; path = PlatformsAndCollectablesScene.swift; sourceTree = "<group>"; };
		70D4BCD81CE8255800FFA3EA /* PlatformsAndCollectablesScene.sks */ = {isa = PBXFileReference; lastKnownFileType = file.sks; path = PlatformsAndCollectablesScene.sks; sourceTree = "<group>"; };
/* End PBXFileReference section */

/* Begin PBXFrameworksBuildPhase section */
		70D4BC7B1CE81DCE00FFA3EA /* Frameworks */ = {
			isa = PBXFrameworksBuildPhase;
			buildActionMask = 2147483647;
			files = (
			);
			runOnlyForDeploymentPostprocessing = 0;
		};
		70D4BC931CE81DCE00FFA3EA /* Frameworks */ = {
			isa = PBXFrameworksBuildPhase;
			buildActionMask = 2147483647;
			files = (
			);
			runOnlyForDeploymentPostprocessing = 0;
		};
		70D4BC9E1CE81DCE00FFA3EA /* Frameworks */ = {
			isa = PBXFrameworksBuildPhase;
			buildActionMask = 2147483647;
			files = (
			);
			runOnlyForDeploymentPostprocessing = 0;
		};
/* End PBXFrameworksBuildPhase section */

/* Begin PBXGroup section */
		70D4BC751CE81DCE00FFA3EA = {
			isa = PBXGroup;
			children = (
				70D4BC801CE81DCE00FFA3EA /* SceneEditorCookBook */,
				70D4BC991CE81DCE00FFA3EA /* SceneEditorCookBookTests */,
				70D4BCA41CE81DCE00FFA3EA /* SceneEditorCookBookUITests */,
				70D4BC7F1CE81DCE00FFA3EA /* Products */,
			);
			sourceTree = "<group>";
		};
		70D4BC7F1CE81DCE00FFA3EA /* Products */ = {
			isa = PBXGroup;
			children = (
				70D4BC7E1CE81DCE00FFA3EA /* SceneEditorCookBook.app */,
				70D4BC961CE81DCE00FFA3EA /* SceneEditorCookBookTests.xctest */,
				70D4BCA11CE81DCE00FFA3EA /* SceneEditorCookBookUITests.xctest */,
			);
			name = Products;
			sourceTree = "<group>";
		};
		70D4BC801CE81DCE00FFA3EA /* SceneEditorCookBook */ = {
			isa = PBXGroup;
			children = (
				70D4BCB51CE8253500FFA3EA /* SpawningEnemiesScenes */,
				70D4BCBA1CE8253A00FFA3EA /* Parallax Effect */,
				70D4BCBF1CE8254100FFA3EA /* HighScoreDisplayScenes */,
				70D4BCC41CE8254E00FFA3EA /* AnimatedCharacterScenes */,
				70D4BCCF1CE8255200FFA3EA /* EndlessBackgroundScenes */,
				70D4BCD91CE8255800FFA3EA /* PlatformsAndCollectablesScenes */,
				70D4BC811CE81DCE00FFA3EA /* AppDelegate.swift */,
				70D4BC831CE81DCE00FFA3EA /* GameScene.sks */,
				70D4BC851CE81DCE00FFA3EA /* GameScene.swift */,
				70D4BC871CE81DCE00FFA3EA /* GameViewController.swift */,
				70D4BC891CE81DCE00FFA3EA /* Main.storyboard */,
				70D4BC8C1CE81DCE00FFA3EA /* Assets.xcassets */,
				70D4BC8E1CE81DCE00FFA3EA /* LaunchScreen.storyboard */,
				70D4BC911CE81DCE00FFA3EA /* Info.plist */,
			);
			path = SceneEditorCookBook;
			sourceTree = "<group>";
		};
		70D4BC991CE81DCE00FFA3EA /* SceneEditorCookBookTests */ = {
			isa = PBXGroup;
			children = (
				70D4BC9A1CE81DCE00FFA3EA /* SceneEditorCookBookTests.swift */,
				70D4BC9C1CE81DCE00FFA3EA /* Info.plist */,
			);
			path = SceneEditorCookBookTests;
			sourceTree = "<group>";
		};
		70D4BCA41CE81DCE00FFA3EA /* SceneEditorCookBookUITests */ = {
			isa = PBXGroup;
			children = (
				70D4BCA51CE81DCE00FFA3EA /* SceneEditorCookBookUITests.swift */,
				70D4BCA71CE81DCE00FFA3EA /* Info.plist */,
			);
			path = SceneEditorCookBookUITests;
			sourceTree = "<group>";
		};
		70D4BCB51CE8253500FFA3EA /* SpawningEnemiesScenes */ = {
			isa = PBXGroup;
			children = (
				70D4BCB31CE8253500FFA3EA /* SpawningEnemies.sks */,
				70D4BCB41CE8253500FFA3EA /* SpawingEnemies.swift */,
			);
			name = SpawningEnemiesScenes;
			path = ../../SceneEditorCookbookMaster/SceneEditorCookbookMaster;
			sourceTree = "<group>";
		};
		70D4BCBA1CE8253A00FFA3EA /* Parallax Effect */ = {
			isa = PBXGroup;
			children = (
				70D4BCB81CE8253A00FFA3EA /* Parallax.sks */,
				70D4BCB91CE8253A00FFA3EA /* Parallax.swift */,
			);
			name = "Parallax Effect";
			path = ../../SceneEditorCookbookMaster/SceneEditorCookbookMaster;
			sourceTree = "<group>";
		};
		70D4BCBF1CE8254100FFA3EA /* HighScoreDisplayScenes */ = {
			isa = PBXGroup;
			children = (
				70D4BCBD1CE8254100FFA3EA /* HighScoreDisplay.sks */,
				70D4BCBE1CE8254100FFA3EA /* HighScoreDisplay.swift */,
			);
			name = HighScoreDisplayScenes;
			path = ../../SceneEditorCookbookMaster/SceneEditorCookbookMaster;
			sourceTree = "<group>";
		};
		70D4BCC41CE8254E00FFA3EA /* AnimatedCharacterScenes */ = {
			isa = PBXGroup;
			children = (
				70D4BCC21CE8254E00FFA3EA /* AnimatedCharacter.sks */,
				70D4BCC31CE8254E00FFA3EA /* AnimatedCharacter.swift */,
			);
			name = AnimatedCharacterScenes;
			path = ../../SceneEditorCookbookMaster/SceneEditorCookbookMaster;
			sourceTree = "<group>";
		};
		70D4BCCE1CE8255200FFA3EA /* ART */ = {
			isa = PBXGroup;
			children = (
				70D4BCCA1CE8255200FFA3EA /* HomeButton.png */,
				70D4BCCB1CE8255200FFA3EA /* CarJunkYard0.png */,
				70D4BCCC1CE8255200FFA3EA /* CarJunkYard1.png */,
				70D4BCCD1CE8255200FFA3EA /* CarJunkYard2.png */,
			);
			name = ART;
			sourceTree = "<group>";
		};
		70D4BCCF1CE8255200FFA3EA /* EndlessBackgroundScenes */ = {
			isa = PBXGroup;
			children = (
				70D4BCC71CE8255200FFA3EA /* EndlessBackgroundScene.swift */,
				70D4BCC81CE8255200FFA3EA /* EndlessBackgroundScene.sks */,
				70D4BCC91CE8255200FFA3EA /* BGClass.swift */,
				70D4BCCE1CE8255200FFA3EA /* ART */,
			);
			name = EndlessBackgroundScenes;
			path = ../../SceneEditorCookbookMaster/SceneEditorCookbookMaster;
			sourceTree = "<group>";
		};
		70D4BCD91CE8255800FFA3EA /* PlatformsAndCollectablesScenes */ = {
			isa = PBXGroup;
			children = (
				70D4BCD71CE8255800FFA3EA /* PlatformsAndCollectablesScene.swift */,
				70D4BCD81CE8255800FFA3EA /* PlatformsAndCollectablesScene.sks */,
			);
			name = PlatformsAndCollectablesScenes;
			path = ../../SceneEditorCookbookMaster/SceneEditorCookbookMaster;
			sourceTree = "<group>";
		};
/* End PBXGroup section */

/* Begin PBXNativeTarget section */
		70D4BC7D1CE81DCE00FFA3EA /* SceneEditorCookBook */ = {
			isa = PBXNativeTarget;
			buildConfigurationList = 70D4BCAA1CE81DCE00FFA3EA /* Build configuration list for PBXNativeTarget "SceneEditorCookBook" */;
			buildPhases = (
				70D4BC7A1CE81DCE00FFA3EA /* Sources */,
				70D4BC7B1CE81DCE00FFA3EA /* Frameworks */,
				70D4BC7C1CE81DCE00FFA3EA /* Resources */,
			);
			buildRules = (
			);
			dependencies = (
			);
			name = SceneEditorCookBook;
			productName = SceneEditorCookBook;
			productReference = 70D4BC7E1CE81DCE00FFA3EA /* SceneEditorCookBook.app */;
			productType = "com.apple.product-type.application";
		};
		70D4BC951CE81DCE00FFA3EA /* SceneEditorCookBookTests */ = {
			isa = PBXNativeTarget;
			buildConfigurationList = 70D4BCAD1CE81DCE00FFA3EA /* Build configuration list for PBXNativeTarget "SceneEditorCookBookTests" */;
			buildPhases = (
				70D4BC921CE81DCE00FFA3EA /* Sources */,
				70D4BC931CE81DCE00FFA3EA /* Frameworks */,
				70D4BC941CE81DCE00FFA3EA /* Resources */,
			);
			buildRules = (
			);
			dependencies = (
				70D4BC981CE81DCE00FFA3EA /* PBXTargetDependency */,
			);
			name = SceneEditorCookBookTests;
			productName = SceneEditorCookBookTests;
			productReference = 70D4BC961CE81DCE00FFA3EA /* SceneEditorCookBookTests.xctest */;
			productType = "com.apple.product-type.bundle.unit-test";
		};
		70D4BCA01CE81DCE00FFA3EA /* SceneEditorCookBookUITests */ = {
			isa = PBXNativeTarget;
			buildConfigurationList = 70D4BCB01CE81DCE00FFA3EA /* Build configuration list for PBXNativeTarget "SceneEditorCookBookUITests" */;
			buildPhases = (
				70D4BC9D1CE81DCE00FFA3EA /* Sources */,
				70D4BC9E1CE81DCE00FFA3EA /* Frameworks */,
				70D4BC9F1CE81DCE00FFA3EA /* Resources */,
			);
			buildRules = (
			);
			dependencies = (
				70D4BCA31CE81DCE00FFA3EA /* PBXTargetDependency */,
			);
			name = SceneEditorCookBookUITests;
			productName = SceneEditorCookBookUITests;
			productReference = 70D4BCA11CE81DCE00FFA3EA /* SceneEditorCookBookUITests.xctest */;
			productType = "com.apple.product-type.bundle.ui-testing";
		};
/* End PBXNativeTarget section */

/* Begin PBXProject section */
		70D4BC761CE81DCE00FFA3EA /* Project object */ = {
			isa = PBXProject;
			attributes = {
				LastSwiftUpdateCheck = 0730;
				LastUpgradeCheck = 0730;
				ORGANIZATIONNAME = claybear39;
				TargetAttributes = {
					70D4BC7D1CE81DCE00FFA3EA = {
						CreatedOnToolsVersion = 7.3;
					};
					70D4BC951CE81DCE00FFA3EA = {
						CreatedOnToolsVersion = 7.3;
						TestTargetID = 70D4BC7D1CE81DCE00FFA3EA;
					};
					70D4BCA01CE81DCE00FFA3EA = {
						CreatedOnToolsVersion = 7.3;
						TestTargetID = 70D4BC7D1CE81DCE00FFA3EA;
					};
				};
			};
			buildConfigurationList = 70D4BC791CE81DCE00FFA3EA /* Build configuration list for PBXProject "SceneEditorCookBook" */;
			compatibilityVersion = "Xcode 3.2";
			developmentRegion = English;
			hasScannedForEncodings = 0;
			knownRegions = (
				en,
				Base,
			);
			mainGroup = 70D4BC751CE81DCE00FFA3EA;
			productRefGroup = 70D4BC7F1CE81DCE00FFA3EA /* Products */;
			projectDirPath = "";
			projectRoot = "";
			targets = (
				70D4BC7D1CE81DCE00FFA3EA /* SceneEditorCookBook */,
				70D4BC951CE81DCE00FFA3EA /* SceneEditorCookBookTests */,
				70D4BCA01CE81DCE00FFA3EA /* SceneEditorCookBookUITests */,
			);
		};
/* End PBXProject section */

/* Begin PBXResourcesBuildPhase section */
		70D4BC7C1CE81DCE00FFA3EA /* Resources */ = {
			isa = PBXResourcesBuildPhase;
			buildActionMask = 2147483647;
			files = (
				70D4BC841CE81DCE00FFA3EA /* GameScene.sks in Resources */,
				70D4BCD11CE8255200FFA3EA /* EndlessBackgroundScene.sks in Resources */,
				70D4BCD61CE8255200FFA3EA /* CarJunkYard2.png in Resources */,
				70D4BCD51CE8255200FFA3EA /* CarJunkYard1.png in Resources */,
				70D4BC901CE81DCE00FFA3EA /* LaunchScreen.storyboard in Resources */,
				70D4BCBB1CE8253A00FFA3EA /* Parallax.sks in Resources */,
				70D4BCC01CE8254100FFA3EA /* HighScoreDisplay.sks in Resources */,
				70D4BCC51CE8254E00FFA3EA /* AnimatedCharacter.sks in Resources */,
				70D4BCB61CE8253500FFA3EA /* SpawningEnemies.sks in Resources */,
				70D4BC8D1CE81DCE00FFA3EA /* Assets.xcassets in Resources */,
				70D4BCDB1CE8255800FFA3EA /* PlatformsAndCollectablesScene.sks in Resources */,
				70D4BCD31CE8255200FFA3EA /* HomeButton.png in Resources */,
				70D4BC8B1CE81DCE00FFA3EA /* Main.storyboard in Resources */,
				70D4BCD41CE8255200FFA3EA /* CarJunkYard0.png in Resources */,
			);
			runOnlyForDeploymentPostprocessing = 0;
		};
		70D4BC941CE81DCE00FFA3EA /* Resources */ = {
			isa = PBXResourcesBuildPhase;
			buildActionMask = 2147483647;
			files = (
			);
			runOnlyForDeploymentPostprocessing = 0;
		};
		70D4BC9F1CE81DCE00FFA3EA /* Resources */ = {
			isa = PBXResourcesBuildPhase;
			buildActionMask = 2147483647;
			files = (
			);
			runOnlyForDeploymentPostprocessing = 0;
		};
/* End PBXResourcesBuildPhase section */

/* Begin PBXSourcesBuildPhase section */
		70D4BC7A1CE81DCE00FFA3EA /* Sources */ = {
			isa = PBXSourcesBuildPhase;
			buildActionMask = 2147483647;
			files = (
				70D4BCC61CE8254E00FFA3EA /* AnimatedCharacter.swift in Sources */,
				70D4BC861CE81DCE00FFA3EA /* GameScene.swift in Sources */,
				70D4BCD21CE8255200FFA3EA /* BGClass.swift in Sources */,
				70D4BCBC1CE8253A00FFA3EA /* Parallax.swift in Sources */,
				70D4BCD01CE8255200FFA3EA /* EndlessBackgroundScene.swift in Sources */,
				70D4BC881CE81DCE00FFA3EA /* GameViewController.swift in Sources */,
				70D4BCDA1CE8255800FFA3EA /* PlatformsAndCollectablesScene.swift in Sources */,
				70D4BCC11CE8254100FFA3EA /* HighScoreDisplay.swift in Sources */,
				70D4BCB71CE8253500FFA3EA /* SpawingEnemies.swift in Sources */,
				70D4BC821CE81DCE00FFA3EA /* AppDelegate.swift in Sources */,
			);
			runOnlyForDeploymentPostprocessing = 0;
		};
		70D4BC921CE81DCE00FFA3EA /* Sources */ = {
			isa = PBXSourcesBuildPhase;
			buildActionMask = 2147483647;
			files = (
				70D4BC9B1CE81DCE00FFA3EA /* SceneEditorCookBookTests.swift in Sources */,
			);
			runOnlyForDeploymentPostprocessing = 0;
		};
		70D4BC9D1CE81DCE00FFA3EA /* Sources */ = {
			isa = PBXSourcesBuildPhase;
			buildActionMask = 2147483647;
			files = (
				70D4BCA61CE81DCE00FFA3EA /* SceneEditorCookBookUITests.swift in Sources */,
			);
			runOnlyForDeploymentPostprocessing = 0;
		};
/* End PBXSourcesBuildPhase section */

/* Begin PBXTargetDependency section */
		70D4BC981CE81DCE00FFA3EA /* PBXTargetDependency */ = {
			isa = PBXTargetDependency;
			target = 70D4BC7D1CE81DCE00FFA3EA /* SceneEditorCookBook */;
			targetProxy = 70D4BC971CE81DCE00FFA3EA /* PBXContainerItemProxy */;
		};
		70D4BCA31CE81DCE00FFA3EA /* PBXTargetDependency */ = {
			isa = PBXTargetDependency;
			target = 70D4BC7D1CE81DCE00FFA3EA /* SceneEditorCookBook */;
			targetProxy = 70D4BCA21CE81DCE00FFA3EA /* PBXContainerItemProxy */;
		};
/* End PBXTargetDependency section */

/* Begin PBXVariantGroup section */
		70D4BC891CE81DCE00FFA3EA /* Main.storyboard */ = {
			isa = PBXVariantGroup;
			children = (
				70D4BC8A1CE81DCE00FFA3EA /* Base */,
			);
			name = Main.storyboard;
			sourceTree = "<group>";
		};
		70D4BC8E1CE81DCE00FFA3EA /* LaunchScreen.storyboard */ = {
			isa = PBXVariantGroup;
			children = (
				70D4BC8F1CE81DCE00FFA3EA /* Base */,
			);
			name = LaunchScreen.storyboard;
			sourceTree = "<group>";
		};
/* End PBXVariantGroup section */

/* Begin XCBuildConfiguration section */
		70D4BCA81CE81DCE00FFA3EA /* Debug */ = {
			isa = XCBuildConfiguration;
			buildSettings = {
				ALWAYS_SEARCH_USER_PATHS = NO;
				CLANG_ANALYZER_NONNULL = YES;
				CLANG_CXX_LANGUAGE_STANDARD = "gnu++0x";
				CLANG_CXX_LIBRARY = "libc++";
				CLANG_ENABLE_MODULES = YES;
				CLANG_ENABLE_OBJC_ARC = YES;
				CLANG_WARN_BOOL_CONVERSION = YES;
				CLANG_WARN_CONSTANT_CONVERSION = YES;
				CLANG_WARN_DIRECT_OBJC_ISA_USAGE = YES_ERROR;
				CLANG_WARN_EMPTY_BODY = YES;
				CLANG_WARN_ENUM_CONVERSION = YES;
				CLANG_WARN_INT_CONVERSION = YES;
				CLANG_WARN_OBJC_ROOT_CLASS = YES_ERROR;
				CLANG_WARN_UNREACHABLE_CODE = YES;
				CLANG_WARN__DUPLICATE_METHOD_MATCH = YES;
				"CODE_SIGN_IDENTITY[sdk=iphoneos*]" = "iPhone Developer";
				COPY_PHASE_STRIP = NO;
				DEBUG_INFORMATION_FORMAT = "dwarf-with-dsym";
				ENABLE_STRICT_OBJC_MSGSEND = YES;
				ENABLE_TESTABILITY = YES;
				GCC_C_LANGUAGE_STANDARD = gnu99;
				GCC_DYNAMIC_NO_PIC = NO;
				GCC_NO_COMMON_BLOCKS = YES;
				GCC_OPTIMIZATION_LEVEL = 0;
				GCC_PREPROCESSOR_DEFINITIONS = (
					"DEBUG=1",
					"$(inherited)",
				);
				GCC_WARN_64_TO_32_BIT_CONVERSION = YES;
				GCC_WARN_ABOUT_RETURN_TYPE = YES_ERROR;
				GCC_WARN_UNDECLARED_SELECTOR = YES;
				GCC_WARN_UNINITIALIZED_AUTOS = YES_AGGRESSIVE;
				GCC_WARN_UNUSED_FUNCTION = YES;
				GCC_WARN_UNUSED_VARIABLE = YES;
				IPHONEOS_DEPLOYMENT_TARGET = 9.3;
				MTL_ENABLE_DEBUG_INFO = YES;
				ONLY_ACTIVE_ARCH = YES;
				SDKROOT = iphoneos;
				SWIFT_OPTIMIZATION_LEVEL = "-Onone";
				TARGETED_DEVICE_FAMILY = "1,2";
			};
			name = Debug;
		};
		70D4BCA91CE81DCE00FFA3EA /* Release */ = {
			isa = XCBuildConfiguration;
			buildSettings = {
				ALWAYS_SEARCH_USER_PATHS = NO;
				CLANG_ANALYZER_NONNULL = YES;
				CLANG_CXX_LANGUAGE_STANDARD = "gnu++0x";
				CLANG_CXX_LIBRARY = "libc++";
				CLANG_ENABLE_MODULES = YES;
				CLANG_ENABLE_OBJC_ARC = YES;
				CLANG_WARN_BOOL_CONVERSION = YES;
				CLANG_WARN_CONSTANT_CONVERSION = YES;
				CLANG_WARN_DIRECT_OBJC_ISA_USAGE = YES_ERROR;
				CLANG_WARN_EMPTY_BODY = YES;
				CLANG_WARN_ENUM_CONVERSION = YES;
				CLANG_WARN_INT_CONVERSION = YES;
				CLANG_WARN_OBJC_ROOT_CLASS = YES_ERROR;
				CLANG_WARN_UNREACHABLE_CODE = YES;
				CLANG_WARN__DUPLICATE_METHOD_MATCH = YES;
				"CODE_SIGN_IDENTITY[sdk=iphoneos*]" = "iPhone Developer";
				COPY_PHASE_STRIP = NO;
				DEBUG_INFORMATION_FORMAT = "dwarf-with-dsym";
				ENABLE_NS_ASSERTIONS = NO;
				ENABLE_STRICT_OBJC_MSGSEND = YES;
				GCC_C_LANGUAGE_STANDARD = gnu99;
				GCC_NO_COMMON_BLOCKS = YES;
				GCC_WARN_64_TO_32_BIT_CONVERSION = YES;
				GCC_WARN_ABOUT_RETURN_TYPE = YES_ERROR;
				GCC_WARN_UNDECLARED_SELECTOR = YES;
				GCC_WARN_UNINITIALIZED_AUTOS = YES_AGGRESSIVE;
				GCC_WARN_UNUSED_FUNCTION = YES;
				GCC_WARN_UNUSED_VARIABLE = YES;
				IPHONEOS_DEPLOYMENT_TARGET = 9.3;
				MTL_ENABLE_DEBUG_INFO = NO;
				SDKROOT = iphoneos;
				TARGETED_DEVICE_FAMILY = "1,2";
				VALIDATE_PRODUCT = YES;
			};
			name = Release;
		};
		70D4BCAB1CE81DCE00FFA3EA /* Debug */ = {
			isa = XCBuildConfiguration;
			buildSettings = {
				ASSETCATALOG_COMPILER_APPICON_NAME = AppIcon;
				INFOPLIST_FILE = SceneEditorCookBook/Info.plist;
				LD_RUNPATH_SEARCH_PATHS = "$(inherited) @executable_path/Frameworks";
				PRODUCT_BUNDLE_IDENTIFIER = Claybear39.SceneEditorCookBook;
				PRODUCT_NAME = "$(TARGET_NAME)";
			};
			name = Debug;
		};
		70D4BCAC1CE81DCE00FFA3EA /* Release */ = {
			isa = XCBuildConfiguration;
			buildSettings = {
				ASSETCATALOG_COMPILER_APPICON_NAME = AppIcon;
				INFOPLIST_FILE = SceneEditorCookBook/Info.plist;
				LD_RUNPATH_SEARCH_PATHS = "$(inherited) @executable_path/Frameworks";
				PRODUCT_BUNDLE_IDENTIFIER = Claybear39.SceneEditorCookBook;
				PRODUCT_NAME = "$(TARGET_NAME)";
			};
			name = Release;
		};
		70D4BCAE1CE81DCE00FFA3EA /* Debug */ = {
			isa = XCBuildConfiguration;
			buildSettings = {
				BUNDLE_LOADER = "$(TEST_HOST)";
				DEBUG_INFORMATION_FORMAT = dwarf;
				INFOPLIST_FILE = SceneEditorCookBookTests/Info.plist;
				LD_RUNPATH_SEARCH_PATHS = "$(inherited) @executable_path/Frameworks @loader_path/Frameworks";
				PRODUCT_BUNDLE_IDENTIFIER = Claybear39.SceneEditorCookBookTests;
				PRODUCT_NAME = "$(TARGET_NAME)";
				TEST_HOST = "$(BUILT_PRODUCTS_DIR)/SceneEditorCookBook.app/SceneEditorCookBook";
			};
			name = Debug;
		};
		70D4BCAF1CE81DCE00FFA3EA /* Release */ = {
			isa = XCBuildConfiguration;
			buildSettings = {
				BUNDLE_LOADER = "$(TEST_HOST)";
				INFOPLIST_FILE = SceneEditorCookBookTests/Info.plist;
				LD_RUNPATH_SEARCH_PATHS = "$(inherited) @executable_path/Frameworks @loader_path/Frameworks";
				PRODUCT_BUNDLE_IDENTIFIER = Claybear39.SceneEditorCookBookTests;
				PRODUCT_NAME = "$(TARGET_NAME)";
				TEST_HOST = "$(BUILT_PRODUCTS_DIR)/SceneEditorCookBook.app/SceneEditorCookBook";
			};
			name = Release;
		};
		70D4BCB11CE81DCE00FFA3EA /* Debug */ = {
			isa = XCBuildConfiguration;
			buildSettings = {
				DEBUG_INFORMATION_FORMAT = dwarf;
				INFOPLIST_FILE = SceneEditorCookBookUITests/Info.plist;
				LD_RUNPATH_SEARCH_PATHS = "$(inherited) @executable_path/Frameworks @loader_path/Frameworks";
				PRODUCT_BUNDLE_IDENTIFIER = Claybear39.SceneEditorCookBookUITests;
				PRODUCT_NAME = "$(TARGET_NAME)";
				TEST_TARGET_NAME = SceneEditorCookBook;
			};
			name = Debug;
		};
		70D4BCB21CE81DCE00FFA3EA /* Release */ = {
			isa = XCBuildConfiguration;
			buildSettings = {
				INFOPLIST_FILE = SceneEditorCookBookUITests/Info.plist;
				LD_RUNPATH_SEARCH_PATHS = "$(inherited) @executable_path/Frameworks @loader_path/Frameworks";
				PRODUCT_BUNDLE_IDENTIFIER = Claybear39.SceneEditorCookBookUITests;
				PRODUCT_NAME = "$(TARGET_NAME)";
				TEST_TARGET_NAME = SceneEditorCookBook;
			};
			name = Release;
		};
/* End XCBuildConfiguration section */

/* Begin XCConfigurationList section */
		70D4BC791CE81DCE00FFA3EA /* Build configuration list for PBXProject "SceneEditorCookBook" */ = {
			isa = XCConfigurationList;
			buildConfigurations = (
				70D4BCA81CE81DCE00FFA3EA /* Debug */,
				70D4BCA91CE81DCE00FFA3EA /* Release */,
			);
			defaultConfigurationIsVisible = 0;
			defaultConfigurationName = Release;
		};
		70D4BCAA1CE81DCE00FFA3EA /* Build configuration list for PBXNativeTarget "SceneEditorCookBook" */ = {
			isa = XCConfigurationList;
			buildConfigurations = (
				70D4BCAB1CE81DCE00FFA3EA /* Debug */,
				70D4BCAC1CE81DCE00FFA3EA /* Release */,
			);
			defaultConfigurationIsVisible = 0;
		};
		70D4BCAD1CE81DCE00FFA3EA /* Build configuration list for PBXNativeTarget "SceneEditorCookBookTests" */ = {
			isa = XCConfigurationList;
			buildConfigurations = (
				70D4BCAE1CE81DCE00FFA3EA /* Debug */,
				70D4BCAF1CE81DCE00FFA3EA /* Release */,
			);
			defaultConfigurationIsVisible = 0;
		};
		70D4BCB01CE81DCE00FFA3EA /* Build configuration list for PBXNativeTarget "SceneEditorCookBookUITests" */ = {
			isa = XCConfigurationList;
			buildConfigurations = (
				70D4BCB11CE81DCE00FFA3EA /* Debug */,
				70D4BCB21CE81DCE00FFA3EA /* Release */,
			);
			defaultConfigurationIsVisible = 0;
		};
/* End XCConfigurationList section */
	};
	rootObject = 70D4BC761CE81DCE00FFA3EA /* Project object */;
}
